
Microsoft Visual Studio Solution File, Format Version 12.00
# Visual Studio Version 17
VisualStudioVersion = 17.4.33122.133
MinimumVisualStudioVersion = 10.0.40219.1
Project("{9A19103F-16F7-4668-BE54-9A1E7A4F7556}") = "Rummy.App", "source\Rummy.App\Rummy.App.csproj", "{B1FCDDD4-A954-4CEF-9C53-F1975DB0BF41}"
EndProject
Global
	GlobalSection(SolutionConfigurationPlatforms) = preSolution
		Debug|Any CPU = Debug|Any CPU
		Release|Any CPU = Release|Any CPU
	EndGlobalSection
	GlobalSection(ProjectConfigurationPlatforms) = postSolution
		{B1FCDDD4-A954-4CEF-9C53-F1975DB0BF41}.Debug|Any CPU.ActiveCfg = Debug|Any CPU
		{B1FCDDD4-A954-4CEF-9C53-F1975DB0BF41}.Debug|Any CPU.Build.0 = Debug|Any CPU
		{B1FCDDD4-A954-4CEF-9C53-F1975DB0BF41}.Release|Any CPU.ActiveCfg = Release|Any CPU
		{B1FCDDD4-A954-4CEF-9C53-F1975DB0BF41}.Release|Any CPU.Build.0 = Release|Any CPU
	EndGlobalSection
	GlobalSection(SolutionProperties) = preSolution
		HideSolutionNode = FALSE
	EndGlobalSection
	GlobalSection(ExtensibilityGlobals) = postSolution
		SolutionGuid = {2523FE07-A373-463F-99CE-4354351FD1B0}
	EndGlobalSection
EndGlobal
